
Microsoft Visual Studio Solution File, Format Version 12.00
# Visual Studio Version 17
VisualStudioVersion = 17.7.34221.43
MinimumVisualStudioVersion = 10.0.40219.1
Project("{9A19103F-16F7-4668-BE54-9A1E7A4F7556}") = "Tests", "Tests\Tests.csproj", "{3A2590E4-3FF9-4751-BDAA-E91283D25E00}"
EndProject
Project("{9A19103F-16F7-4668-BE54-9A1E7A4F7556}") = "MARC", "MARC\MARC.csproj", "{90499DC1-FBF7-4B5B-981A-EC8069C7DD2E}"
EndProject
Project("{FAE04EC0-301F-11D3-BF4B-00C04F79EFBC}") = "DemoApp", "DemoApp\DemoApp.csproj", "{4774FF19-CFF7-4473-B952-735740B6584C}"
EndProject
Global
	GlobalSection(SolutionConfigurationPlatforms) = preSolution
		Debug|Any CPU = Debug|Any CPU
		Release|Any CPU = Release|Any CPU
	EndGlobalSection
	GlobalSection(ProjectConfigurationPlatforms) = postSolution
		{3A2590E4-3FF9-4751-BDAA-E91283D25E00}.Debug|Any CPU.ActiveCfg = Debug|Any CPU
		{3A2590E4-3FF9-4751-BDAA-E91283D25E00}.Debug|Any CPU.Build.0 = Debug|Any CPU
		{3A2590E4-3FF9-4751-BDAA-E91283D25E00}.Release|Any CPU.ActiveCfg = Release|Any CPU
		{3A2590E4-3FF9-4751-BDAA-E91283D25E00}.Release|Any CPU.Build.0 = Release|Any CPU
		{90499DC1-FBF7-4B5B-981A-EC8069C7DD2E}.Debug|Any CPU.ActiveCfg = Debug|Any CPU
		{90499DC1-FBF7-4B5B-981A-EC8069C7DD2E}.Debug|Any CPU.Build.0 = Debug|Any CPU
		{90499DC1-FBF7-4B5B-981A-EC8069C7DD2E}.Release|Any CPU.ActiveCfg = Release|Any CPU
		{90499DC1-FBF7-4B5B-981A-EC8069C7DD2E}.Release|Any CPU.Build.0 = Release|Any CPU
		{4774FF19-CFF7-4473-B952-735740B6584C}.Debug|Any CPU.ActiveCfg = Debug|Any CPU
		{4774FF19-CFF7-4473-B952-735740B6584C}.Debug|Any CPU.Build.0 = Debug|Any CPU
		{4774FF19-CFF7-4473-B952-735740B6584C}.Release|Any CPU.ActiveCfg = Release|Any CPU
		{4774FF19-CFF7-4473-B952-735740B6584C}.Release|Any CPU.Build.0 = Release|Any CPU
	EndGlobalSection
	GlobalSection(SolutionProperties) = preSolution
		HideSolutionNode = FALSE
	EndGlobalSection
	GlobalSection(ExtensibilityGlobals) = postSolution
		SolutionGuid = {903383B4-91A2-41A2-93DB-56C863E0876A}
	EndGlobalSection
EndGlobal
